
Microsoft Visual Studio Solution File, Format Version 12.00
# Visual Studio Version 17
VisualStudioVersion = 17.11.35222.181
MinimumVisualStudioVersion = 10.0.40219.1
Project("{9A19103F-16F7-4668-BE54-9A1E7A4F7556}") = "Shark.AuthorizationServer", "Shark.AuthorizationServer\Shark.AuthorizationServer.csproj", "{7C9C057E-8BD7-408F-A3B1-201585140E93}"
EndProject
Project("{9A19103F-16F7-4668-BE54-9A1E7A4F7556}") = "Shark.Sample.ProtectedResource", "Shark.Sample.ProtectedResource\Shark.Sample.ProtectedResource.csproj", "{A7398C59-86A1-4DBD-BF84-B75FE72E1451}"
EndProject
Project("{9A19103F-16F7-4668-BE54-9A1E7A4F7556}") = "Shark.Sample.Client", "Shark.Sample.Client\Shark.Sample.Client.csproj", "{9F07AE1E-40A0-432E-9EC7-D5BC9B6129D8}"
EndProject
Project("{9A19103F-16F7-4668-BE54-9A1E7A4F7556}") = "Shark.AuthorizationServer.Sdk", "Shark.AuthorizationServer.Sdk\Shark.AuthorizationServer.Sdk.csproj", "{E3DF3ACD-B57A-4939-9133-B8DE6685F3D6}"
EndProject
Project("{9A19103F-16F7-4668-BE54-9A1E7A4F7556}") = "Shark.AuthorizationServer.Core", "Shark.AuthorizationServer.Core\Shark.AuthorizationServer.Core.csproj", "{968D7017-2893-49FB-900C-6A73C9B748BA}"
EndProject
Project("{9A19103F-16F7-4668-BE54-9A1E7A4F7556}") = "Shark.AuthorizationServer.Domain", "Shark.AuthorizationServer.Domain\Shark.AuthorizationServer.Domain.csproj", "{AE369929-2A5E-4F63-8935-A9D9DCD6F9F6}"
EndProject
Project("{9A19103F-16F7-4668-BE54-9A1E7A4F7556}") = "Shark.AuthorizationServer.DomainServices", "Shark.AuthorizationServer.DomainServices\Shark.AuthorizationServer.DomainServices.csproj", "{270CCBB0-65BA-4F5D-85E3-0A39718FC464}"
EndProject
Project("{9A19103F-16F7-4668-BE54-9A1E7A4F7556}") = "Shark.AuthorizationServer.Repositories.InMemory", "Shark.AuthorizationServer.Repositories.InMemory\Shark.AuthorizationServer.Repositories.InMemory.csproj", "{00BD7CAA-805A-430D-8B25-C0AAAB336499}"
EndProject
Project("{9A19103F-16F7-4668-BE54-9A1E7A4F7556}") = "Shark.AuthorizationServer.Common", "Shark.AuthorizationServer.Common\Shark.AuthorizationServer.Common.csproj", "{2E59163B-501A-4896-8F3E-45CEDC4C110F}"
EndProject
Project("{2150E333-8FDC-42A3-9474-1A3956D46DE8}") = "Solution Items", "Solution Items", "{9D8F10FE-4F47-469C-820D-8A1CA117D0AB}"
	ProjectSection(SolutionItems) = preProject
		.editorconfig = .editorconfig
	EndProjectSection
EndProject
Project("{9A19103F-16F7-4668-BE54-9A1E7A4F7556}") = "Shark.AuthorizationServer.Repositories.SqLite", "Shark.AuthorizationServer.Repositories.SqLite\Shark.AuthorizationServer.Repositories.SqLite.csproj", "{C1DB844E-3570-4A03-9500-E8ED86F8BBB8}"
EndProject
Project("{FAE04EC0-301F-11D3-BF4B-00C04F79EFBC}") = "Shark.Sample.AuthorizationServer", "Shark.Sample.AuthorizationServer\Shark.Sample.AuthorizationServer.csproj", "{E0E8164F-CB0A-4747-BE12-D591503ABE8F}"
EndProject
Project("{2150E333-8FDC-42A3-9474-1A3956D46DE8}") = "Tests", "Tests", "{02EA681E-C7D8-13C7-8484-4AC65E1B71E8}"
EndProject
Project("{FAE04EC0-301F-11D3-BF4B-00C04F79EFBC}") = "Shark.AuthorizationServer.Core.Tests", "..\tests\Shark.AuthorizationServer.Core.Tests\Shark.AuthorizationServer.Core.Tests.csproj", "{19A28EE6-341F-4402-97E0-04702BB97279}"
EndProject
Global
	GlobalSection(SolutionConfigurationPlatforms) = preSolution
		Debug|Any CPU = Debug|Any CPU
		Release|Any CPU = Release|Any CPU
	EndGlobalSection
	GlobalSection(ProjectConfigurationPlatforms) = postSolution
		{7C9C057E-8BD7-408F-A3B1-201585140E93}.Debug|Any CPU.ActiveCfg = Debug|Any CPU
		{7C9C057E-8BD7-408F-A3B1-201585140E93}.Debug|Any CPU.Build.0 = Debug|Any CPU
		{7C9C057E-8BD7-408F-A3B1-201585140E93}.Release|Any CPU.ActiveCfg = Release|Any CPU
		{7C9C057E-8BD7-408F-A3B1-201585140E93}.Release|Any CPU.Build.0 = Release|Any CPU
		{A7398C59-86A1-4DBD-BF84-B75FE72E1451}.Debug|Any CPU.ActiveCfg = Debug|Any CPU
		{A7398C59-86A1-4DBD-BF84-B75FE72E1451}.Debug|Any CPU.Build.0 = Debug|Any CPU
		{A7398C59-86A1-4DBD-BF84-B75FE72E1451}.Release|Any CPU.ActiveCfg = Release|Any CPU
		{A7398C59-86A1-4DBD-BF84-B75FE72E1451}.Release|Any CPU.Build.0 = Release|Any CPU
		{9F07AE1E-40A0-432E-9EC7-D5BC9B6129D8}.Debug|Any CPU.ActiveCfg = Debug|Any CPU
		{9F07AE1E-40A0-432E-9EC7-D5BC9B6129D8}.Debug|Any CPU.Build.0 = Debug|Any CPU
		{9F07AE1E-40A0-432E-9EC7-D5BC9B6129D8}.Release|Any CPU.ActiveCfg = Release|Any CPU
		{9F07AE1E-40A0-432E-9EC7-D5BC9B6129D8}.Release|Any CPU.Build.0 = Release|Any CPU
		{E3DF3ACD-B57A-4939-9133-B8DE6685F3D6}.Debug|Any CPU.ActiveCfg = Debug|Any CPU
		{E3DF3ACD-B57A-4939-9133-B8DE6685F3D6}.Debug|Any CPU.Build.0 = Debug|Any CPU
		{E3DF3ACD-B57A-4939-9133-B8DE6685F3D6}.Release|Any CPU.ActiveCfg = Release|Any CPU
		{E3DF3ACD-B57A-4939-9133-B8DE6685F3D6}.Release|Any CPU.Build.0 = Release|Any CPU
		{968D7017-2893-49FB-900C-6A73C9B748BA}.Debug|Any CPU.ActiveCfg = Debug|Any CPU
		{968D7017-2893-49FB-900C-6A73C9B748BA}.Debug|Any CPU.Build.0 = Debug|Any CPU
		{968D7017-2893-49FB-900C-6A73C9B748BA}.Release|Any CPU.ActiveCfg = Release|Any CPU
		{968D7017-2893-49FB-900C-6A73C9B748BA}.Release|Any CPU.Build.0 = Release|Any CPU
		{AE369929-2A5E-4F63-8935-A9D9DCD6F9F6}.Debug|Any CPU.ActiveCfg = Debug|Any CPU
		{AE369929-2A5E-4F63-8935-A9D9DCD6F9F6}.Debug|Any CPU.Build.0 = Debug|Any CPU
		{AE369929-2A5E-4F63-8935-A9D9DCD6F9F6}.Release|Any CPU.ActiveCfg = Release|Any CPU
		{AE369929-2A5E-4F63-8935-A9D9DCD6F9F6}.Release|Any CPU.Build.0 = Release|Any CPU
		{270CCBB0-65BA-4F5D-85E3-0A39718FC464}.Debug|Any CPU.ActiveCfg = Debug|Any CPU
		{270CCBB0-65BA-4F5D-85E3-0A39718FC464}.Debug|Any CPU.Build.0 = Debug|Any CPU
		{270CCBB0-65BA-4F5D-85E3-0A39718FC464}.Release|Any CPU.ActiveCfg = Release|Any CPU
		{270CCBB0-65BA-4F5D-85E3-0A39718FC464}.Release|Any CPU.Build.0 = Release|Any CPU
		{00BD7CAA-805A-430D-8B25-C0AAAB336499}.Debug|Any CPU.ActiveCfg = Debug|Any CPU
		{00BD7CAA-805A-430D-8B25-C0AAAB336499}.Debug|Any CPU.Build.0 = Debug|Any CPU
		{00BD7CAA-805A-430D-8B25-C0AAAB336499}.Release|Any CPU.ActiveCfg = Release|Any CPU
		{00BD7CAA-805A-430D-8B25-C0AAAB336499}.Release|Any CPU.Build.0 = Release|Any CPU
		{2E59163B-501A-4896-8F3E-45CEDC4C110F}.Debug|Any CPU.ActiveCfg = Debug|Any CPU
		{2E59163B-501A-4896-8F3E-45CEDC4C110F}.Debug|Any CPU.Build.0 = Debug|Any CPU
		{2E59163B-501A-4896-8F3E-45CEDC4C110F}.Release|Any CPU.ActiveCfg = Release|Any CPU
		{2E59163B-501A-4896-8F3E-45CEDC4C110F}.Release|Any CPU.Build.0 = Release|Any CPU
		{C1DB844E-3570-4A03-9500-E8ED86F8BBB8}.Debug|Any CPU.ActiveCfg = Debug|Any CPU
		{C1DB844E-3570-4A03-9500-E8ED86F8BBB8}.Debug|Any CPU.Build.0 = Debug|Any CPU
		{C1DB844E-3570-4A03-9500-E8ED86F8BBB8}.Release|Any CPU.ActiveCfg = Release|Any CPU
		{C1DB844E-3570-4A03-9500-E8ED86F8BBB8}.Release|Any CPU.Build.0 = Release|Any CPU
		{E0E8164F-CB0A-4747-BE12-D591503ABE8F}.Debug|Any CPU.ActiveCfg = Debug|Any CPU
		{E0E8164F-CB0A-4747-BE12-D591503ABE8F}.Debug|Any CPU.Build.0 = Debug|Any CPU
		{E0E8164F-CB0A-4747-BE12-D591503ABE8F}.Release|Any CPU.ActiveCfg = Release|Any CPU
		{E0E8164F-CB0A-4747-BE12-D591503ABE8F}.Release|Any CPU.Build.0 = Release|Any CPU
		{19A28EE6-341F-4402-97E0-04702BB97279}.Debug|Any CPU.ActiveCfg = Debug|Any CPU
		{19A28EE6-341F-4402-97E0-04702BB97279}.Debug|Any CPU.Build.0 = Debug|Any CPU
		{19A28EE6-341F-4402-97E0-04702BB97279}.Release|Any CPU.ActiveCfg = Release|Any CPU
		{19A28EE6-341F-4402-97E0-04702BB97279}.Release|Any CPU.Build.0 = Release|Any CPU
	EndGlobalSection
	GlobalSection(SolutionProperties) = preSolution
		HideSolutionNode = FALSE
	EndGlobalSection
	GlobalSection(NestedProjects) = preSolution
		{19A28EE6-341F-4402-97E0-04702BB97279} = {02EA681E-C7D8-13C7-8484-4AC65E1B71E8}
	EndGlobalSection
	GlobalSection(ExtensibilityGlobals) = postSolution
		SolutionGuid = {33962B05-E569-4C7D-82AC-0256948D6166}
	EndGlobalSection
EndGlobal
